
Microsoft Visual Studio Solution File, Format Version 12.00
# Visual Studio Version 17
VisualStudioVersion = 17.2.32616.157
MinimumVisualStudioVersion = 10.0.40219.1
Project("{9A19103F-16F7-4668-BE54-9A1E7A4F7556}") = "BlazorLdapAuth.Server", "BlazorLdapAuth\Server\BlazorLdapAuth.Server.csproj", "{387AD13A-14D0-48C7-A173-8A412B4893DA}"
EndProject
Project("{9A19103F-16F7-4668-BE54-9A1E7A4F7556}") = "BlazorLdapAuth.Client", "BlazorLdapAuth\Client\BlazorLdapAuth.Client.csproj", "{870B4EF6-F0A3-49B8-9F3B-638E5162413A}"
EndProject
Project("{9A19103F-16F7-4668-BE54-9A1E7A4F7556}") = "BlazorLdapAuth.Shared", "BlazorLdapAuth\Shared\BlazorLdapAuth.Shared.csproj", "{BB8D273A-893E-4891-B39E-D6225B443FD2}"
EndProject
Global
	GlobalSection(SolutionConfigurationPlatforms) = preSolution
		Debug|Any CPU = Debug|Any CPU
		Release|Any CPU = Release|Any CPU
	EndGlobalSection
	GlobalSection(ProjectConfigurationPlatforms) = postSolution
		{387AD13A-14D0-48C7-A173-8A412B4893DA}.Debug|Any CPU.ActiveCfg = Debug|Any CPU
		{387AD13A-14D0-48C7-A173-8A412B4893DA}.Debug|Any CPU.Build.0 = Debug|Any CPU
		{387AD13A-14D0-48C7-A173-8A412B4893DA}.Release|Any CPU.ActiveCfg = Release|Any CPU
		{387AD13A-14D0-48C7-A173-8A412B4893DA}.Release|Any CPU.Build.0 = Release|Any CPU
		{870B4EF6-F0A3-49B8-9F3B-638E5162413A}.Debug|Any CPU.ActiveCfg = Debug|Any CPU
		{870B4EF6-F0A3-49B8-9F3B-638E5162413A}.Debug|Any CPU.Build.0 = Debug|Any CPU
		{870B4EF6-F0A3-49B8-9F3B-638E5162413A}.Release|Any CPU.ActiveCfg = Release|Any CPU
		{870B4EF6-F0A3-49B8-9F3B-638E5162413A}.Release|Any CPU.Build.0 = Release|Any CPU
		{BB8D273A-893E-4891-B39E-D6225B443FD2}.Debug|Any CPU.ActiveCfg = Debug|Any CPU
		{BB8D273A-893E-4891-B39E-D6225B443FD2}.Debug|Any CPU.Build.0 = Debug|Any CPU
		{BB8D273A-893E-4891-B39E-D6225B443FD2}.Release|Any CPU.ActiveCfg = Release|Any CPU
		{BB8D273A-893E-4891-B39E-D6225B443FD2}.Release|Any CPU.Build.0 = Release|Any CPU
	EndGlobalSection
	GlobalSection(SolutionProperties) = preSolution
		HideSolutionNode = FALSE
	EndGlobalSection
	GlobalSection(ExtensibilityGlobals) = postSolution
		SolutionGuid = {BE57596E-DB81-4966-9E5B-D012DB021965}
	EndGlobalSection
EndGlobal
